// !$*UTF8*$!
{
	archiveVersion = 1;
	classes = {
	};
	objectVersion = 46;
	objects = {

/* Begin PBXBuildFile section */
		3AAFF3151B6E6CCF00F55AF1 /* AppDelegate.swift in Sources */ = {isa = PBXBuildFile; fileRef = 3AAFF3141B6E6CCF00F55AF1 /* AppDelegate.swift */; };
		3AAFF3171B6E6CCF00F55AF1 /* ViewController.swift in Sources */ = {isa = PBXBuildFile; fileRef = 3AAFF3161B6E6CCF00F55AF1 /* ViewController.swift */; };
		3AAFF31A1B6E6CCF00F55AF1 /* Main.storyboard in Resources */ = {isa = PBXBuildFile; fileRef = 3AAFF3181B6E6CCF00F55AF1 /* Main.storyboard */; };
		3AAFF31C1B6E6CCF00F55AF1 /* Images.xcassets in Resources */ = {isa = PBXBuildFile; fileRef = 3AAFF31B1B6E6CCF00F55AF1 /* Images.xcassets */; };
		3AAFF31F1B6E6CCF00F55AF1 /* LaunchScreen.xib in Resources */ = {isa = PBXBuildFile; fileRef = 3AAFF31D1B6E6CCF00F55AF1 /* LaunchScreen.xib */; };
		3AAFF32B1B6E6CCF00F55AF1 /* FunFactsTests.swift in Sources */ = {isa = PBXBuildFile; fileRef = 3AAFF32A1B6E6CCF00F55AF1 /* FunFactsTests.swift */; };
		3AAFF3371B6E9B1D00F55AF1 /* FactBook.swift in Sources */ = {isa = PBXBuildFile; fileRef = 3AAFF3361B6E9B1D00F55AF1 /* FactBook.swift */; };
		3AAFF3391B6EA8B100F55AF1 /* ColorWheel.swift in Sources */ = {isa = PBXBuildFile; fileRef = 3AAFF3381B6EA8B100F55AF1 /* ColorWheel.swift */; };
/* End PBXBuildFile section */

/* Begin PBXContainerItemProxy section */
		3AAFF3251B6E6CCF00F55AF1 /* PBXContainerItemProxy */ = {
			isa = PBXContainerItemProxy;
			containerPortal = 3AAFF3071B6E6CCF00F55AF1 /* Project object */;
			proxyType = 1;
			remoteGlobalIDString = 3AAFF30E1B6E6CCF00F55AF1;
			remoteInfo = FunFacts;
		};
/* End PBXContainerItemProxy section */

/* Begin PBXFileReference section */
		3AAFF30F1B6E6CCF00F55AF1 /* FunFacts.app */ = {isa = PBXFileReference; explicitFileType = wrapper.application; includeInIndex = 0; path = FunFacts.app; sourceTree = BUILT_PRODUCTS_DIR; };
		3AAFF3131B6E6CCF00F55AF1 /* Info.plist */ = {isa = PBXFileReference; lastKnownFileType = text.plist.xml; path = Info.plist; sourceTree = "<group>"; };
		3AAFF3141B6E6CCF00F55AF1 /* AppDelegate.swift */ = {isa = PBXFileReference; lastKnownFileType = sourcecode.swift; path = AppDelegate.swift; sourceTree = "<group>"; };
		3AAFF3161B6E6CCF00F55AF1 /* ViewController.swift */ = {isa = PBXFileReference; lastKnownFileType = sourcecode.swift; path = ViewController.swift; sourceTree = "<group>"; };
		3AAFF3191B6E6CCF00F55AF1 /* Base */ = {isa = PBXFileReference; lastKnownFileType = file.storyboard; name = Base; path = Base.lproj/Main.storyboard; sourceTree = "<group>"; };
		3AAFF31B1B6E6CCF00F55AF1 /* Images.xcassets */ = {isa = PBXFileReference; lastKnownFileType = folder.assetcatalog; path = Images.xcassets; sourceTree = "<group>"; };
		3AAFF31E1B6E6CCF00F55AF1 /* Base */ = {isa = PBXFileReference; lastKnownFileType = file.xib; name = Base; path = Base.lproj/LaunchScreen.xib; sourceTree = "<group>"; };
		3AAFF3241B6E6CCF00F55AF1 /* FunFactsTests.xctest */ = {isa = PBXFileReference; explicitFileType = wrapper.cfbundle; includeInIndex = 0; path = FunFactsTests.xctest; sourceTree = BUILT_PRODUCTS_DIR; };
		3AAFF3291B6E6CCF00F55AF1 /* Info.plist */ = {isa = PBXFileReference; lastKnownFileType = text.plist.xml; path = Info.plist; sourceTree = "<group>"; };
		3AAFF32A1B6E6CCF00F55AF1 /* FunFactsTests.swift */ = {isa = PBXFileReference; lastKnownFileType = sourcecode.swift; path = FunFactsTests.swift; sourceTree = "<group>"; };
		3AAFF3341B6E79C500F55AF1 /* ScratchPad.playground */ = {isa = PBXFileReference; lastKnownFileType = file.playground; path = ScratchPad.playground; sourceTree = "<group>"; };
		3AAFF3361B6E9B1D00F55AF1 /* FactBook.swift */ = {isa = PBXFileReference; fileEncoding = 4; lastKnownFileType = sourcecode.swift; path = FactBook.swift; sourceTree = "<group>"; };
		3AAFF3381B6EA8B100F55AF1 /* ColorWheel.swift */ = {isa = PBXFileReference; fileEncoding = 4; lastKnownFileType = sourcecode.swift; path = ColorWheel.swift; sourceTree = "<group>"; };
/* End PBXFileReference section */

/* Begin PBXFrameworksBuildPhase section */
		3AAFF30C1B6E6CCF00F55AF1 /* Frameworks */ = {
			isa = PBXFrameworksBuildPhase;
			buildActionMask = 2147483647;
			files = (
			);
			runOnlyForDeploymentPostprocessing = 0;
		};
		3AAFF3211B6E6CCF00F55AF1 /* Frameworks */ = {
			isa = PBXFrameworksBuildPhase;
			buildActionMask = 2147483647;
			files = (
			);
			runOnlyForDeploymentPostprocessing = 0;
		};
/* End PBXFrameworksBuildPhase section */

/* Begin PBXGroup section */
		3AAFF3061B6E6CCF00F55AF1 = {
			isa = PBXGroup;
			children = (
				3AAFF3351B6E79D400F55AF1 /* Playgrounds */,
				3AAFF3111B6E6CCF00F55AF1 /* FunFacts */,
				3AAFF3271B6E6CCF00F55AF1 /* FunFactsTests */,
				3AAFF3101B6E6CCF00F55AF1 /* Products */,
			);
			sourceTree = "<group>";
		};
		3AAFF3101B6E6CCF00F55AF1 /* Products */ = {
			isa = PBXGroup;
			children = (
				3AAFF30F1B6E6CCF00F55AF1 /* FunFacts.app */,
				3AAFF3241B6E6CCF00F55AF1 /* FunFactsTests.xctest */,
			);
			name = Products;
			sourceTree = "<group>";
		};
		3AAFF3111B6E6CCF00F55AF1 /* FunFacts */ = {
			isa = PBXGroup;
			children = (
				3AAFF3141B6E6CCF00F55AF1 /* AppDelegate.swift */,
				3AAFF3161B6E6CCF00F55AF1 /* ViewController.swift */,
				3AAFF3181B6E6CCF00F55AF1 /* Main.storyboard */,
				3AAFF3361B6E9B1D00F55AF1 /* FactBook.swift */,
				3AAFF3381B6EA8B100F55AF1 /* ColorWheel.swift */,
				3AAFF31B1B6E6CCF00F55AF1 /* Images.xcassets */,
				3AAFF31D1B6E6CCF00F55AF1 /* LaunchScreen.xib */,
				3AAFF3121B6E6CCF00F55AF1 /* Supporting Files */,
			);
			path = FunFacts;
			sourceTree = "<group>";
		};
		3AAFF3121B6E6CCF00F55AF1 /* Supporting Files */ = {
			isa = PBXGroup;
			children = (
				3AAFF3131B6E6CCF00F55AF1 /* Info.plist */,
			);
			name = "Supporting Files";
			sourceTree = "<group>";
		};
		3AAFF3271B6E6CCF00F55AF1 /* FunFactsTests */ = {
			isa = PBXGroup;
			children = (
				3AAFF32A1B6E6CCF00F55AF1 /* FunFactsTests.swift */,
				3AAFF3281B6E6CCF00F55AF1 /* Supporting Files */,
			);
			path = FunFactsTests;
			sourceTree = "<group>";
		};
		3AAFF3281B6E6CCF00F55AF1 /* Supporting Files */ = {
			isa = PBXGroup;
			children = (
				3AAFF3291B6E6CCF00F55AF1 /* Info.plist */,
			);
			name = "Supporting Files";
			sourceTree = "<group>";
		};
		3AAFF3351B6E79D400F55AF1 /* Playgrounds */ = {
			isa = PBXGroup;
			children = (
				3AAFF3341B6E79C500F55AF1 /* ScratchPad.playground */,
			);
			name = Playgrounds;
			sourceTree = "<group>";
		};
/* End PBXGroup section */

/* Begin PBXNativeTarget section */
		3AAFF30E1B6E6CCF00F55AF1 /* FunFacts */ = {
			isa = PBXNativeTarget;
			buildConfigurationList = 3AAFF32E1B6E6CCF00F55AF1 /* Build configuration list for PBXNativeTarget "FunFacts" */;
			buildPhases = (
				3AAFF30B1B6E6CCF00F55AF1 /* Sources */,
				3AAFF30C1B6E6CCF00F55AF1 /* Frameworks */,
				3AAFF30D1B6E6CCF00F55AF1 /* Resources */,
			);
			buildRules = (
			);
			dependencies = (
			);
			name = FunFacts;
			productName = FunFacts;
			productReference = 3AAFF30F1B6E6CCF00F55AF1 /* FunFacts.app */;
			productType = "com.apple.product-type.application";
		};
		3AAFF3231B6E6CCF00F55AF1 /* FunFactsTests */ = {
			isa = PBXNativeTarget;
			buildConfigurationList = 3AAFF3311B6E6CCF00F55AF1 /* Build configuration list for PBXNativeTarget "FunFactsTests" */;
			buildPhases = (
				3AAFF3201B6E6CCF00F55AF1 /* Sources */,
				3AAFF3211B6E6CCF00F55AF1 /* Frameworks */,
				3AAFF3221B6E6CCF00F55AF1 /* Resources */,
			);
			buildRules = (
			);
			dependencies = (
				3AAFF3261B6E6CCF00F55AF1 /* PBXTargetDependency */,
			);
			name = FunFactsTests;
			productName = FunFactsTests;
			productReference = 3AAFF3241B6E6CCF00F55AF1 /* FunFactsTests.xctest */;
			productType = "com.apple.product-type.bundle.unit-test";
		};
/* End PBXNativeTarget section */

/* Begin PBXProject section */
		3AAFF3071B6E6CCF00F55AF1 /* Project object */ = {
			isa = PBXProject;
			attributes = {
				LastUpgradeCheck = 0640;
				ORGANIZATIONNAME = "Adrian Fraisse";
				TargetAttributes = {
					3AAFF30E1B6E6CCF00F55AF1 = {
						CreatedOnToolsVersion = 6.4;
					};
					3AAFF3231B6E6CCF00F55AF1 = {
						CreatedOnToolsVersion = 6.4;
						TestTargetID = 3AAFF30E1B6E6CCF00F55AF1;
					};
				};
			};
			buildConfigurationList = 3AAFF30A1B6E6CCF00F55AF1 /* Build configuration list for PBXProject "FunFacts" */;
			compatibilityVersion = "Xcode 3.2";
			developmentRegion = English;
			hasScannedForEncodings = 0;
			knownRegions = (
				en,
				Base,
			);
			mainGroup = 3AAFF3061B6E6CCF00F55AF1;
			productRefGroup = 3AAFF3101B6E6CCF00F55AF1 /* Products */;
			projectDirPath = "";
			projectRoot = "";
			targets = (
				3AAFF30E1B6E6CCF00F55AF1 /* FunFacts */,
				3AAFF3231B6E6CCF00F55AF1 /* FunFactsTests */,
			);
		};
/* End PBXProject section */

/* Begin PBXResourcesBuildPhase section */
		3AAFF30D1B6E6CCF00F55AF1 /* Resources */ = {
			isa = PBXResourcesBuildPhase;
			buildActionMask = 2147483647;
			files = (
				3AAFF31A1B6E6CCF00F55AF1 /* Main.storyboard in Resources */,
				3AAFF31F1B6E6CCF00F55AF1 /* LaunchScreen.xib in Resources */,
				3AAFF31C1B6E6CCF00F55AF1 /* Images.xcassets in Resources */,
			);
			runOnlyForDeploymentPostprocessing = 0;
		};
		3AAFF3221B6E6CCF00F55AF1 /* Resources */ = {
			isa = PBXResourcesBuildPhase;
			buildActionMask = 2147483647;
			files = (
			);
			runOnlyForDeploymentPostprocessing = 0;
		};
/* End PBXResourcesBuildPhase section */

/* Begin PBXSourcesBuildPhase section */
		3AAFF30B1B6E6CCF00F55AF1 /* Sources */ = {
			isa = PBXSourcesBuildPhase;
			buildActionMask = 2147483647;
			files = (
				3AAFF3371B6E9B1D00F55AF1 /* FactBook.swift in Sources */,
				3AAFF3171B6E6CCF00F55AF1 /* ViewController.swift in Sources */,
				3AAFF3151B6E6CCF00F55AF1 /* AppDelegate.swift in Sources */,
				3AAFF3391B6EA8B100F55AF1 /* ColorWheel.swift in Sources */,
			);
			runOnlyForDeploymentPostprocessing = 0;
		};
		3AAFF3201B6E6CCF00F55AF1 /* Sources */ = {
			isa = PBXSourcesBuildPhase;
			buildActionMask = 2147483647;
			files = (
				3AAFF32B1B6E6CCF00F55AF1 /* FunFactsTests.swift in Sources */,
			);
			runOnlyForDeploymentPostprocessing = 0;
		};
/* End PBXSourcesBuildPhase section */

/* Begin PBXTargetDependency section */
		3AAFF3261B6E6CCF00F55AF1 /* PBXTargetDependency */ = {
			isa = PBXTargetDependency;
			target = 3AAFF30E1B6E6CCF00F55AF1 /* FunFacts */;
			targetProxy = 3AAFF3251B6E6CCF00F55AF1 /* PBXContainerItemProxy */;
		};
/* End PBXTargetDependency section */

/* Begin PBXVariantGroup section */
		3AAFF3181B6E6CCF00F55AF1 /* Main.storyboard */ = {
			isa = PBXVariantGroup;
			children = (
				3AAFF3191B6E6CCF00F55AF1 /* Base */,
			);
			name = Main.storyboard;
			sourceTree = "<group>";
		};
		3AAFF31D1B6E6CCF00F55AF1 /* LaunchScreen.xib */ = {
			isa = PBXVariantGroup;
			children = (
				3AAFF31E1B6E6CCF00F55AF1 /* Base */,
			);
			name = LaunchScreen.xib;
			sourceTree = "<group>";
		};
/* End PBXVariantGroup section */

/* Begin XCBuildConfiguration section */
		3AAFF32C1B6E6CCF00F55AF1 /* Debug */ = {
			isa = XCBuildConfiguration;
			buildSettings = {
				ALWAYS_SEARCH_USER_PATHS = NO;
				CLANG_CXX_LANGUAGE_STANDARD = "gnu++0x";
				CLANG_CXX_LIBRARY = "libc++";
				CLANG_ENABLE_MODULES = YES;
				CLANG_ENABLE_OBJC_ARC = YES;
				CLANG_WARN_BOOL_CONVERSION = YES;
				CLANG_WARN_CONSTANT_CONVERSION = YES;
				CLANG_WARN_DIRECT_OBJC_ISA_USAGE = YES_ERROR;
				CLANG_WARN_EMPTY_BODY = YES;
				CLANG_WARN_ENUM_CONVERSION = YES;
				CLANG_WARN_INT_CONVERSION = YES;
				CLANG_WARN_OBJC_ROOT_CLASS = YES_ERROR;
				CLANG_WARN_UNREACHABLE_CODE = YES;
				CLANG_WARN__DUPLICATE_METHOD_MATCH = YES;
				"CODE_SIGN_IDENTITY[sdk=iphoneos*]" = "iPhone Developer";
				COPY_PHASE_STRIP = NO;
				DEBUG_INFORMATION_FORMAT = "dwarf-with-dsym";
				ENABLE_STRICT_OBJC_MSGSEND = YES;
				GCC_C_LANGUAGE_STANDARD = gnu99;
				GCC_DYNAMIC_NO_PIC = NO;
				GCC_NO_COMMON_BLOCKS = YES;
				GCC_OPTIMIZATION_LEVEL = 0;
				GCC_PREPROCESSOR_DEFINITIONS = (
					"DEBUG=1",
					"$(inherited)",
				);
				GCC_SYMBOLS_PRIVATE_EXTERN = NO;
				GCC_WARN_64_TO_32_BIT_CONVERSION = YES;
				GCC_WARN_ABOUT_RETURN_TYPE = YES_ERROR;
				GCC_WARN_UNDECLARED_SELECTOR = YES;
				GCC_WARN_UNINITIALIZED_AUTOS = YES_AGGRESSIVE;
				GCC_WARN_UNUSED_FUNCTION = YES;
				GCC_WARN_UNUSED_VARIABLE = YES;
				IPHONEOS_DEPLOYMENT_TARGET = 8.4;
				MTL_ENABLE_DEBUG_INFO = YES;
				ONLY_ACTIVE_ARCH = YES;
				SDKROOT = iphoneos;
				SWIFT_OPTIMIZATION_LEVEL = "-Onone";
			};
			name = Debug;
		};
		3AAFF32D1B6E6CCF00F55AF1 /* Release */ = {
			isa = XCBuildConfiguration;
			buildSettings = {
				ALWAYS_SEARCH_USER_PATHS = NO;
				CLANG_CXX_LANGUAGE_STANDARD = "gnu++0x";
				CLANG_CXX_LIBRARY = "libc++";
				CLANG_ENABLE_MODULES = YES;
				CLANG_ENABLE_OBJC_ARC = YES;
				CLANG_WARN_BOOL_CONVERSION = YES;
				CLANG_WARN_CONSTANT_CONVERSION = YES;
				CLANG_WARN_DIRECT_OBJC_ISA_USAGE = YES_ERROR;
				CLANG_WARN_EMPTY_BODY = YES;
				CLANG_WARN_ENUM_CONVERSION = YES;
				CLANG_WARN_INT_CONVERSION = YES;
				CLANG_WARN_OBJC_ROOT_CLASS = YES_ERROR;
				CLANG_WARN_UNREACHABLE_CODE = YES;
				CLANG_WARN__DUPLICATE_METHOD_MATCH = YES;
				"CODE_SIGN_IDENTITY[sdk=iphoneos*]" = "iPhone Developer";
				COPY_PHASE_STRIP = NO;
				DEBUG_INFORMATION_FORMAT = "dwarf-with-dsym";
				ENABLE_NS_ASSERTIONS = NO;
				ENABLE_STRICT_OBJC_MSGSEND = YES;
				GCC_C_LANGUAGE_STANDARD = gnu99;
				GCC_NO_COMMON_BLOCKS = YES;
				GCC_WARN_64_TO_32_BIT_CONVERSION = YES;
				GCC_WARN_ABOUT_RETURN_TYPE = YES_ERROR;
				GCC_WARN_UNDECLARED_SELECTOR = YES;
				GCC_WARN_UNINITIALIZED_AUTOS = YES_AGGRESSIVE;
				GCC_WARN_UNUSED_FUNCTION = YES;
				GCC_WARN_UNUSED_VARIABLE = YES;
				IPHONEOS_DEPLOYMENT_TARGET = 8.4;
				MTL_ENABLE_DEBUG_INFO = NO;
				SDKROOT = iphoneos;
				VALIDATE_PRODUCT = YES;
			};
			name = Release;
		};
		3AAFF32F1B6E6CCF00F55AF1 /* Debug */ = {
			isa = XCBuildConfiguration;
			buildSettings = {
				ASSETCATALOG_COMPILER_APPICON_NAME = AppIcon;
				INFOPLIST_FILE = FunFacts/Info.plist;
				LD_RUNPATH_SEARCH_PATHS = "$(inherited) @executable_path/Frameworks";
				PRODUCT_NAME = "$(TARGET_NAME)";
			};
			name = Debug;
		};
		3AAFF3301B6E6CCF00F55AF1 /* Release */ = {
			isa = XCBuildConfiguration;
			buildSettings = {
				ASSETCATALOG_COMPILER_APPICON_NAME = AppIcon;
				INFOPLIST_FILE = FunFacts/Info.plist;
				LD_RUNPATH_SEARCH_PATHS = "$(inherited) @executable_path/Frameworks";
				PRODUCT_NAME = "$(TARGET_NAME)";
			};
			name = Release;
		};
		3AAFF3321B6E6CCF00F55AF1 /* Debug */ = {
			isa = XCBuildConfiguration;
			buildSettings = {
				BUNDLE_LOADER = "$(TEST_HOST)";
				FRAMEWORK_SEARCH_PATHS = (
					"$(SDKROOT)/Developer/Library/Frameworks",
					"$(inherited)",
				);
				GCC_PREPROCESSOR_DEFINITIONS = (
					"DEBUG=1",
					"$(inherited)",
				);
				INFOPLIST_FILE = FunFactsTests/Info.plist;
				LD_RUNPATH_SEARCH_PATHS = "$(inherited) @executable_path/Frameworks @loader_path/Frameworks";
				PRODUCT_NAME = "$(TARGET_NAME)";
				TEST_HOST = "$(BUILT_PRODUCTS_DIR)/FunFacts.app/FunFacts";
			};
			name = Debug;
		};
		3AAFF3331B6E6CCF00F55AF1 /* Release */ = {
			isa = XCBuildConfiguration;
			buildSettings = {
				BUNDLE_LOADER = "$(TEST_HOST)";
				FRAMEWORK_SEARCH_PATHS = (
					"$(SDKROOT)/Developer/Library/Frameworks",
					"$(inherited)",
				);
				INFOPLIST_FILE = FunFactsTests/Info.plist;
				LD_RUNPATH_SEARCH_PATHS = "$(inherited) @executable_path/Frameworks @loader_path/Frameworks";
				PRODUCT_NAME = "$(TARGET_NAME)";
				TEST_HOST = "$(BUILT_PRODUCTS_DIR)/FunFacts.app/FunFacts";
			};
			name = Release;
		};
/* End XCBuildConfiguration section */

/* Begin XCConfigurationList section */
		3AAFF30A1B6E6CCF00F55AF1 /* Build configuration list for PBXProject "FunFacts" */ = {
			isa = XCConfigurationList;
			buildConfigurations = (
				3AAFF32C1B6E6CCF00F55AF1 /* Debug */,
				3AAFF32D1B6E6CCF00F55AF1 /* Release */,
			);
			defaultConfigurationIsVisible = 0;
			defaultConfigurationName = Release;
		};
		3AAFF32E1B6E6CCF00F55AF1 /* Build configuration list for PBXNativeTarget "FunFacts" */ = {
			isa = XCConfigurationList;
			buildConfigurations = (
				3AAFF32F1B6E6CCF00F55AF1 /* Debug */,
				3AAFF3301B6E6CCF00F55AF1 /* Release */,
			);
			defaultConfigurationIsVisible = 0;
			defaultConfigurationName = Release;
		};
		3AAFF3311B6E6CCF00F55AF1 /* Build configuration list for PBXNativeTarget "FunFactsTests" */ = {
			isa = XCConfigurationList;
			buildConfigurations = (
				3AAFF3321B6E6CCF00F55AF1 /* Debug */,
				3AAFF3331B6E6CCF00F55AF1 /* Release */,
			);
			defaultConfigurationIsVisible = 0;
			defaultConfigurationName = Release;
		};
/* End XCConfigurationList section */
	};
	rootObject = 3AAFF3071B6E6CCF00F55AF1 /* Project object */;
}
